// !$*UTF8*$!
{
	archiveVersion = 1;
	classes = {
	};
	objectVersion = 46;
	objects = {

/* Begin PBXBuildFile section */
		7C909639D1508167255BD14E /* libPods-WYNews.a in Frameworks */ = {isa = PBXBuildFile; fileRef = 7457D02BA1FAC0BCCDFCE429 /* libPods-WYNews.a */; };
		E54F300A1DBC8FC600E4888E /* NewsDetailViewController.m in Sources */ = {isa = PBXBuildFile; fileRef = E54F30091DBC8FC600E4888E /* NewsDetailViewController.m */; };
		E54F30171DBCF74F00E4888E /* NewsDetailModel.m in Sources */ = {isa = PBXBuildFile; fileRef = E54F30161DBCF74F00E4888E /* NewsDetailModel.m */; };
		E54F301A1DBCFE5200E4888E /* NewsDetailImgModel.m in Sources */ = {isa = PBXBuildFile; fileRef = E54F30191DBCFE5200E4888E /* NewsDetailImgModel.m */; };
		E54F301C1DBD009500E4888E /* SXDetails.css in Resources */ = {isa = PBXBuildFile; fileRef = E54F301B1DBD009500E4888E /* SXDetails.css */; };
		E54F301F1DBE121600E4888E /* ShowPicViewController.m in Sources */ = {isa = PBXBuildFile; fileRef = E54F301E1DBE121600E4888E /* ShowPicViewController.m */; };
		E54F30221DBE1F4200E4888E /* PhotoSetModel.m in Sources */ = {isa = PBXBuildFile; fileRef = E54F30211DBE1F4200E4888E /* PhotoSetModel.m */; };
		E54F30251DBE1F5000E4888E /* PhotoModel.m in Sources */ = {isa = PBXBuildFile; fileRef = E54F30241DBE1F5000E4888E /* PhotoModel.m */; };
		E570F7671DBA048900A4A9F6 /* MainTabBarController.m in Sources */ = {isa = PBXBuildFile; fileRef = E570F7661DBA048900A4A9F6 /* MainTabBarController.m */; };
		E570F76A1DBA04C900A4A9F6 /* YAOTabBar.m in Sources */ = {isa = PBXBuildFile; fileRef = E570F7691DBA04C900A4A9F6 /* YAOTabBar.m */; };
		E570F76F1DBA0E5800A4A9F6 /* TabBarBtn.m in Sources */ = {isa = PBXBuildFile; fileRef = E570F76E1DBA0E5800A4A9F6 /* TabBarBtn.m */; };
		E570F7721DBA1BB000A4A9F6 /* MainViewController.m in Sources */ = {isa = PBXBuildFile; fileRef = E570F7711DBA1BB000A4A9F6 /* MainViewController.m */; };
		E570F7741DBA1D6800A4A9F6 /* NewsURLs.plist in Resources */ = {isa = PBXBuildFile; fileRef = E570F7731DBA1D6800A4A9F6 /* NewsURLs.plist */; };
		E570F7791DBA22DC00A4A9F6 /* NewsTableViewController.m in Sources */ = {isa = PBXBuildFile; fileRef = E570F7781DBA22DC00A4A9F6 /* NewsTableViewController.m */; };
		E570F77B1DBA22F200A4A9F6 /* NewsTableview.storyboard in Resources */ = {isa = PBXBuildFile; fileRef = E570F77A1DBA22F200A4A9F6 /* NewsTableview.storyboard */; };
		E570F77E1DBA363300A4A9F6 /* TitleLabel.m in Sources */ = {isa = PBXBuildFile; fileRef = E570F77D1DBA363300A4A9F6 /* TitleLabel.m */; };
		E570F7821DBA3D6E00A4A9F6 /* UIView+frame.m in Sources */ = {isa = PBXBuildFile; fileRef = E570F7811DBA3D6E00A4A9F6 /* UIView+frame.m */; };
		E570F7861DBA4B2300A4A9F6 /* NewsCell.m in Sources */ = {isa = PBXBuildFile; fileRef = E570F7851DBA4B2300A4A9F6 /* NewsCell.m */; };
		E570F7881DBA546D00A4A9F6 /* HYQiHei-50J.ttf in Resources */ = {isa = PBXBuildFile; fileRef = E570F7871DBA546D00A4A9F6 /* HYQiHei-50J.ttf */; };
		E570F7B01DBA75C600A4A9F6 /* NewsModel.m in Sources */ = {isa = PBXBuildFile; fileRef = E570F7AF1DBA75C600A4A9F6 /* NewsModel.m */; };
		E570F7B41DBAA81500A4A9F6 /* NetworkTool.m in Sources */ = {isa = PBXBuildFile; fileRef = E570F7B31DBAA81500A4A9F6 /* NetworkTool.m */; };
		E570F7B71DBAF13400A4A9F6 /* CellFrameModel.m in Sources */ = {isa = PBXBuildFile; fileRef = E570F7B61DBAF13400A4A9F6 /* CellFrameModel.m */; };
		E57909C21DBA02AC00911C06 /* main.m in Sources */ = {isa = PBXBuildFile; fileRef = E57909C11DBA02AC00911C06 /* main.m */; };
		E57909C51DBA02AC00911C06 /* AppDelegate.m in Sources */ = {isa = PBXBuildFile; fileRef = E57909C41DBA02AC00911C06 /* AppDelegate.m */; };
		E57909C81DBA02AC00911C06 /* ViewController.m in Sources */ = {isa = PBXBuildFile; fileRef = E57909C71DBA02AC00911C06 /* ViewController.m */; };
		E57909CB1DBA02AC00911C06 /* Main.storyboard in Resources */ = {isa = PBXBuildFile; fileRef = E57909C91DBA02AC00911C06 /* Main.storyboard */; };
		E57909CD1DBA02AC00911C06 /* Assets.xcassets in Resources */ = {isa = PBXBuildFile; fileRef = E57909CC1DBA02AC00911C06 /* Assets.xcassets */; };
		E57909D01DBA02AC00911C06 /* LaunchScreen.storyboard in Resources */ = {isa = PBXBuildFile; fileRef = E57909CE1DBA02AC00911C06 /* LaunchScreen.storyboard */; };
/* End PBXBuildFile section */

/* Begin PBXFileReference section */
		5BA518F1088936B09848E6FE /* Pods-WYNews.release.xcconfig */ = {isa = PBXFileReference; includeInIndex = 1; lastKnownFileType = text.xcconfig; name = "Pods-WYNews.release.xcconfig"; path = "Pods/Target Support Files/Pods-WYNews/Pods-WYNews.release.xcconfig"; sourceTree = "<group>"; };
		7457D02BA1FAC0BCCDFCE429 /* libPods-WYNews.a */ = {isa = PBXFileReference; explicitFileType = archive.ar; includeInIndex = 0; path = "libPods-WYNews.a"; sourceTree = BUILT_PRODUCTS_DIR; };
		7A2C58106D53866C5AE29F6D /* Pods-WYNews.debug.xcconfig */ = {isa = PBXFileReference; includeInIndex = 1; lastKnownFileType = text.xcconfig; name = "Pods-WYNews.debug.xcconfig"; path = "Pods/Target Support Files/Pods-WYNews/Pods-WYNews.debug.xcconfig"; sourceTree = "<group>"; };
		E54F30081DBC8FC600E4888E /* NewsDetailViewController.h */ = {isa = PBXFileReference; fileEncoding = 4; lastKnownFileType = sourcecode.c.h; path = NewsDetailViewController.h; sourceTree = "<group>"; };
		E54F30091DBC8FC600E4888E /* NewsDetailViewController.m */ = {isa = PBXFileReference; fileEncoding = 4; lastKnownFileType = sourcecode.c.objc; path = NewsDetailViewController.m; sourceTree = "<group>"; tabWidth = 5; };
		E54F30151DBCF74F00E4888E /* NewsDetailModel.h */ = {isa = PBXFileReference; fileEncoding = 4; lastKnownFileType = sourcecode.c.h; path = NewsDetailModel.h; sourceTree = "<group>"; };
		E54F30161DBCF74F00E4888E /* NewsDetailModel.m */ = {isa = PBXFileReference; fileEncoding = 4; lastKnownFileType = sourcecode.c.objc; path = NewsDetailModel.m; sourceTree = "<group>"; };
		E54F30181DBCFE5200E4888E /* NewsDetailImgModel.h */ = {isa = PBXFileReference; fileEncoding = 4; lastKnownFileType = sourcecode.c.h; path = NewsDetailImgModel.h; sourceTree = "<group>"; };
		E54F30191DBCFE5200E4888E /* NewsDetailImgModel.m */ = {isa = PBXFileReference; fileEncoding = 4; lastKnownFileType = sourcecode.c.objc; path = NewsDetailImgModel.m; sourceTree = "<group>"; };
		E54F301B1DBD009500E4888E /* SXDetails.css */ = {isa = PBXFileReference; fileEncoding = 4; lastKnownFileType = text.css; path = SXDetails.css; sourceTree = "<group>"; };
		E54F301D1DBE121600E4888E /* ShowPicViewController.h */ = {isa = PBXFileReference; fileEncoding = 4; lastKnownFileType = sourcecode.c.h; path = ShowPicViewController.h; sourceTree = "<group>"; };
		E54F301E1DBE121600E4888E /* ShowPicViewController.m */ = {isa = PBXFileReference; fileEncoding = 4; lastKnownFileType = sourcecode.c.objc; path = ShowPicViewController.m; sourceTree = "<group>"; };
		E54F30201DBE1F4200E4888E /* PhotoSetModel.h */ = {isa = PBXFileReference; fileEncoding = 4; lastKnownFileType = sourcecode.c.h; path = PhotoSetModel.h; sourceTree = "<group>"; };
		E54F30211DBE1F4200E4888E /* PhotoSetModel.m */ = {isa = PBXFileReference; fileEncoding = 4; lastKnownFileType = sourcecode.c.objc; path = PhotoSetModel.m; sourceTree = "<group>"; };
		E54F30231DBE1F5000E4888E /* PhotoModel.h */ = {isa = PBXFileReference; fileEncoding = 4; lastKnownFileType = sourcecode.c.h; path = PhotoModel.h; sourceTree = "<group>"; };
		E54F30241DBE1F5000E4888E /* PhotoModel.m */ = {isa = PBXFileReference; fileEncoding = 4; lastKnownFileType = sourcecode.c.objc; path = PhotoModel.m; sourceTree = "<group>"; };
		E570F7651DBA048900A4A9F6 /* MainTabBarController.h */ = {isa = PBXFileReference; fileEncoding = 4; lastKnownFileType = sourcecode.c.h; path = MainTabBarController.h; sourceTree = "<group>"; };
		E570F7661DBA048900A4A9F6 /* MainTabBarController.m */ = {isa = PBXFileReference; fileEncoding = 4; lastKnownFileType = sourcecode.c.objc; path = MainTabBarController.m; sourceTree = "<group>"; };
		E570F7681DBA04C900A4A9F6 /* YAOTabBar.h */ = {isa = PBXFileReference; fileEncoding = 4; lastKnownFileType = sourcecode.c.h; path = YAOTabBar.h; sourceTree = "<group>"; };
		E570F7691DBA04C900A4A9F6 /* YAOTabBar.m */ = {isa = PBXFileReference; fileEncoding = 4; lastKnownFileType = sourcecode.c.objc; path = YAOTabBar.m; sourceTree = "<group>"; };
		E570F76C1DBA0B4F00A4A9F6 /* PrefixHeader.pch */ = {isa = PBXFileReference; fileEncoding = 4; lastKnownFileType = sourcecode.c.h; path = PrefixHeader.pch; sourceTree = "<group>"; };
		E570F76D1DBA0E5800A4A9F6 /* TabBarBtn.h */ = {isa = PBXFileReference; fileEncoding = 4; lastKnownFileType = sourcecode.c.h; path = TabBarBtn.h; sourceTree = "<group>"; };
		E570F76E1DBA0E5800A4A9F6 /* TabBarBtn.m */ = {isa = PBXFileReference; fileEncoding = 4; lastKnownFileType = sourcecode.c.objc; path = TabBarBtn.m; sourceTree = "<group>"; };
		E570F7701DBA1BB000A4A9F6 /* MainViewController.h */ = {isa = PBXFileReference; fileEncoding = 4; lastKnownFileType = sourcecode.c.h; path = MainViewController.h; sourceTree = "<group>"; };
		E570F7711DBA1BB000A4A9F6 /* MainViewController.m */ = {isa = PBXFileReference; fileEncoding = 4; lastKnownFileType = sourcecode.c.objc; path = MainViewController.m; sourceTree = "<group>"; };
		E570F7731DBA1D6800A4A9F6 /* NewsURLs.plist */ = {isa = PBXFileReference; fileEncoding = 4; lastKnownFileType = text.plist.xml; path = NewsURLs.plist; sourceTree = "<group>"; };
		E570F7771DBA22DC00A4A9F6 /* NewsTableViewController.h */ = {isa = PBXFileReference; fileEncoding = 4; lastKnownFileType = sourcecode.c.h; path = NewsTableViewController.h; sourceTree = "<group>"; };
		E570F7781DBA22DC00A4A9F6 /* NewsTableViewController.m */ = {isa = PBXFileReference; fileEncoding = 4; lastKnownFileType = sourcecode.c.objc; path = NewsTableViewController.m; sourceTree = "<group>"; };
		E570F77A1DBA22F200A4A9F6 /* NewsTableview.storyboard */ = {isa = PBXFileReference; fileEncoding = 4; lastKnownFileType = file.storyboard; name = NewsTableview.storyboard; path = ../Controller/NewsTableview.storyboard; sourceTree = "<group>"; };
		E570F77C1DBA363300A4A9F6 /* TitleLabel.h */ = {isa = PBXFileReference; fileEncoding = 4; lastKnownFileType = sourcecode.c.h; path = TitleLabel.h; sourceTree = "<group>"; };
		E570F77D1DBA363300A4A9F6 /* TitleLabel.m */ = {isa = PBXFileReference; fileEncoding = 4; lastKnownFileType = sourcecode.c.objc; path = TitleLabel.m; sourceTree = "<group>"; };
		E570F7801DBA3D6E00A4A9F6 /* UIView+frame.h */ = {isa = PBXFileReference; fileEncoding = 4; lastKnownFileType = sourcecode.c.h; path = "UIView+frame.h"; sourceTree = "<group>"; };
		E570F7811DBA3D6E00A4A9F6 /* UIView+frame.m */ = {isa = PBXFileReference; fileEncoding = 4; lastKnownFileType = sourcecode.c.objc; path = "UIView+frame.m"; sourceTree = "<group>"; };
		E570F7841DBA4B2300A4A9F6 /* NewsCell.h */ = {isa = PBXFileReference; fileEncoding = 4; lastKnownFileType = sourcecode.c.h; path = NewsCell.h; sourceTree = "<group>"; };
		E570F7851DBA4B2300A4A9F6 /* NewsCell.m */ = {isa = PBXFileReference; fileEncoding = 4; lastKnownFileType = sourcecode.c.objc; path = NewsCell.m; sourceTree = "<group>"; };
		E570F7871DBA546D00A4A9F6 /* HYQiHei-50J.ttf */ = {isa = PBXFileReference; lastKnownFileType = file; path = "HYQiHei-50J.ttf"; sourceTree = "<group>"; };
		E570F7891DBA5D6400A4A9F6 /* Header.h */ = {isa = PBXFileReference; lastKnownFileType = sourcecode.c.h; path = Header.h; sourceTree = "<group>"; };
		E570F7AE1DBA75C600A4A9F6 /* NewsModel.h */ = {isa = PBXFileReference; fileEncoding = 4; lastKnownFileType = sourcecode.c.h; path = NewsModel.h; sourceTree = "<group>"; };
		E570F7AF1DBA75C600A4A9F6 /* NewsModel.m */ = {isa = PBXFileReference; fileEncoding = 4; lastKnownFileType = sourcecode.c.objc; path = NewsModel.m; sourceTree = "<group>"; };
		E570F7B21DBAA81500A4A9F6 /* NetworkTool.h */ = {isa = PBXFileReference; fileEncoding = 4; lastKnownFileType = sourcecode.c.h; path = NetworkTool.h; sourceTree = "<group>"; };
		E570F7B31DBAA81500A4A9F6 /* NetworkTool.m */ = {isa = PBXFileReference; fileEncoding = 4; lastKnownFileType = sourcecode.c.objc; path = NetworkTool.m; sourceTree = "<group>"; };
		E570F7B51DBAF13400A4A9F6 /* CellFrameModel.h */ = {isa = PBXFileReference; fileEncoding = 4; lastKnownFileType = sourcecode.c.h; path = CellFrameModel.h; sourceTree = "<group>"; };
		E570F7B61DBAF13400A4A9F6 /* CellFrameModel.m */ = {isa = PBXFileReference; fileEncoding = 4; lastKnownFileType = sourcecode.c.objc; path = CellFrameModel.m; sourceTree = "<group>"; };
		E57909BD1DBA02AC00911C06 /* WYNews.app */ = {isa = PBXFileReference; explicitFileType = wrapper.application; includeInIndex = 0; path = WYNews.app; sourceTree = BUILT_PRODUCTS_DIR; };
		E57909C11DBA02AC00911C06 /* main.m */ = {isa = PBXFileReference; lastKnownFileType = sourcecode.c.objc; path = main.m; sourceTree = "<group>"; };
		E57909C31DBA02AC00911C06 /* AppDelegate.h */ = {isa = PBXFileReference; lastKnownFileType = sourcecode.c.h; path = AppDelegate.h; sourceTree = "<group>"; };
		E57909C41DBA02AC00911C06 /* AppDelegate.m */ = {isa = PBXFileReference; lastKnownFileType = sourcecode.c.objc; path = AppDelegate.m; sourceTree = "<group>"; };
		E57909C61DBA02AC00911C06 /* ViewController.h */ = {isa = PBXFileReference; lastKnownFileType = sourcecode.c.h; path = ViewController.h; sourceTree = "<group>"; };
		E57909C71DBA02AC00911C06 /* ViewController.m */ = {isa = PBXFileReference; lastKnownFileType = sourcecode.c.objc; path = ViewController.m; sourceTree = "<group>"; };
		E57909CA1DBA02AC00911C06 /* Base */ = {isa = PBXFileReference; lastKnownFileType = file.storyboard; name = Base; path = Base.lproj/Main.storyboard; sourceTree = "<group>"; };
		E57909CC1DBA02AC00911C06 /* Assets.xcassets */ = {isa = PBXFileReference; lastKnownFileType = folder.assetcatalog; path = Assets.xcassets; sourceTree = "<group>"; };
		E57909CF1DBA02AC00911C06 /* Base */ = {isa = PBXFileReference; lastKnownFileType = file.storyboard; name = Base; path = Base.lproj/LaunchScreen.storyboard; sourceTree = "<group>"; };
		E57909D11DBA02AC00911C06 /* Info.plist */ = {isa = PBXFileReference; lastKnownFileType = text.plist.xml; path = Info.plist; sourceTree = "<group>"; };
/* End PBXFileReference section */

/* Begin PBXFrameworksBuildPhase section */
		E57909BA1DBA02AC00911C06 /* Frameworks */ = {
			isa = PBXFrameworksBuildPhase;
			buildActionMask = 2147483647;
			files = (
				7C909639D1508167255BD14E /* libPods-WYNews.a in Frameworks */,
			);
			runOnlyForDeploymentPostprocessing = 0;
		};
/* End PBXFrameworksBuildPhase section */

/* Begin PBXGroup section */
		52DB6D3771B374DD0F8D4088 /* Pods */ = {
			isa = PBXGroup;
			children = (
				7A2C58106D53866C5AE29F6D /* Pods-WYNews.debug.xcconfig */,
				5BA518F1088936B09848E6FE /* Pods-WYNews.release.xcconfig */,
			);
			name = Pods;
			sourceTree = "<group>";
		};
		E570F7621DBA041200A4A9F6 /* Main */ = {
			isa = PBXGroup;
			children = (
				E570F7641DBA044600A4A9F6 /* Controller */,
				E570F7631DBA043D00A4A9F6 /* View */,
			);
			path = Main;
			sourceTree = "<group>";
		};
		E570F7631DBA043D00A4A9F6 /* View */ = {
			isa = PBXGroup;
			children = (
				E57909C91DBA02AC00911C06 /* Main.storyboard */,
			);
			name = View;
			sourceTree = "<group>";
		};
		E570F7641DBA044600A4A9F6 /* Controller */ = {
			isa = PBXGroup;
			children = (
				E570F7651DBA048900A4A9F6 /* MainTabBarController.h */,
				E570F7661DBA048900A4A9F6 /* MainTabBarController.m */,
				E570F7701DBA1BB000A4A9F6 /* MainViewController.h */,
				E570F7711DBA1BB000A4A9F6 /* MainViewController.m */,
				E570F7681DBA04C900A4A9F6 /* YAOTabBar.h */,
				E570F7691DBA04C900A4A9F6 /* YAOTabBar.m */,
				E570F76D1DBA0E5800A4A9F6 /* TabBarBtn.h */,
				E570F76E1DBA0E5800A4A9F6 /* TabBarBtn.m */,
				E570F77C1DBA363300A4A9F6 /* TitleLabel.h */,
				E570F77D1DBA363300A4A9F6 /* TitleLabel.m */,
			);
			name = Controller;
			sourceTree = "<group>";
		};
		E570F7751DBA228300A4A9F6 /* News */ = {
			isa = PBXGroup;
			children = (
				E570F7AD1DBA75A300A4A9F6 /* Model */,
				E570F7831DBA47CC00A4A9F6 /* View */,
				E570F7761DBA229900A4A9F6 /* Controller */,
			);
			path = News;
			sourceTree = "<group>";
		};
		E570F7761DBA229900A4A9F6 /* Controller */ = {
			isa = PBXGroup;
			children = (
				E570F7771DBA22DC00A4A9F6 /* NewsTableViewController.h */,
				E570F7781DBA22DC00A4A9F6 /* NewsTableViewController.m */,
				E54F30081DBC8FC600E4888E /* NewsDetailViewController.h */,
				E54F30091DBC8FC600E4888E /* NewsDetailViewController.m */,
				E54F301D1DBE121600E4888E /* ShowPicViewController.h */,
				E54F301E1DBE121600E4888E /* ShowPicViewController.m */,
			);
			path = Controller;
			sourceTree = "<group>";
		};
		E570F77F1DBA3D2C00A4A9F6 /* Category */ = {
			isa = PBXGroup;
			children = (
				E570F7801DBA3D6E00A4A9F6 /* UIView+frame.h */,
				E570F7811DBA3D6E00A4A9F6 /* UIView+frame.m */,
			);
			path = Category;
			sourceTree = "<group>";
		};
		E570F7831DBA47CC00A4A9F6 /* View */ = {
			isa = PBXGroup;
			children = (
				E570F77A1DBA22F200A4A9F6 /* NewsTableview.storyboard */,
				E570F7841DBA4B2300A4A9F6 /* NewsCell.h */,
				E570F7851DBA4B2300A4A9F6 /* NewsCell.m */,
			);
			path = View;
			sourceTree = "<group>";
		};
		E570F7AD1DBA75A300A4A9F6 /* Model */ = {
			isa = PBXGroup;
			children = (
				E570F7AE1DBA75C600A4A9F6 /* NewsModel.h */,
				E570F7AF1DBA75C600A4A9F6 /* NewsModel.m */,
				E570F7B51DBAF13400A4A9F6 /* CellFrameModel.h */,
				E570F7B61DBAF13400A4A9F6 /* CellFrameModel.m */,
				E54F30151DBCF74F00E4888E /* NewsDetailModel.h */,
				E54F30161DBCF74F00E4888E /* NewsDetailModel.m */,
				E54F30181DBCFE5200E4888E /* NewsDetailImgModel.h */,
				E54F30191DBCFE5200E4888E /* NewsDetailImgModel.m */,
				E54F30201DBE1F4200E4888E /* PhotoSetModel.h */,
				E54F30211DBE1F4200E4888E /* PhotoSetModel.m */,
				E54F30231DBE1F5000E4888E /* PhotoModel.h */,
				E54F30241DBE1F5000E4888E /* PhotoModel.m */,
			);
			path = Model;
			sourceTree = "<group>";
		};
		E570F7B11DBAA7B200A4A9F6 /* Tool */ = {
			isa = PBXGroup;
			children = (
				E570F7B21DBAA81500A4A9F6 /* NetworkTool.h */,
				E570F7B31DBAA81500A4A9F6 /* NetworkTool.m */,
			);
			path = Tool;
			sourceTree = "<group>";
		};
		E57909B41DBA02AC00911C06 = {
			isa = PBXGroup;
			children = (
				E570F76C1DBA0B4F00A4A9F6 /* PrefixHeader.pch */,
				E57909BF1DBA02AC00911C06 /* WYNews */,
				E57909BE1DBA02AC00911C06 /* Products */,
				52DB6D3771B374DD0F8D4088 /* Pods */,
				ECE7724696FC3FAFC33EBDCB /* Frameworks */,
			);
			sourceTree = "<group>";
		};
		E57909BE1DBA02AC00911C06 /* Products */ = {
			isa = PBXGroup;
			children = (
				E57909BD1DBA02AC00911C06 /* WYNews.app */,
			);
			name = Products;
			sourceTree = "<group>";
		};
		E57909BF1DBA02AC00911C06 /* WYNews */ = {
			isa = PBXGroup;
			children = (
				E570F7B11DBAA7B200A4A9F6 /* Tool */,
				E570F77F1DBA3D2C00A4A9F6 /* Category */,
				E570F7751DBA228300A4A9F6 /* News */,
				E570F7621DBA041200A4A9F6 /* Main */,
				E57909C31DBA02AC00911C06 /* AppDelegate.h */,
				E57909C41DBA02AC00911C06 /* AppDelegate.m */,
				E57909C61DBA02AC00911C06 /* ViewController.h */,
				E57909C71DBA02AC00911C06 /* ViewController.m */,
				E57909CC1DBA02AC00911C06 /* Assets.xcassets */,
				E57909CE1DBA02AC00911C06 /* LaunchScreen.storyboard */,
				E57909D11DBA02AC00911C06 /* Info.plist */,
				E57909C01DBA02AC00911C06 /* Supporting Files */,
			);
			path = WYNews;
			sourceTree = "<group>";
		};
		E57909C01DBA02AC00911C06 /* Supporting Files */ = {
			isa = PBXGroup;
			children = (
				E54F301B1DBD009500E4888E /* SXDetails.css */,
				E570F7871DBA546D00A4A9F6 /* HYQiHei-50J.ttf */,
				E570F7731DBA1D6800A4A9F6 /* NewsURLs.plist */,
				E57909C11DBA02AC00911C06 /* main.m */,
				E570F7891DBA5D6400A4A9F6 /* Header.h */,
			);
			name = "Supporting Files";
			sourceTree = "<group>";
		};
		ECE7724696FC3FAFC33EBDCB /* Frameworks */ = {
			isa = PBXGroup;
			children = (
				7457D02BA1FAC0BCCDFCE429 /* libPods-WYNews.a */,
			);
			name = Frameworks;
			sourceTree = "<group>";
		};
/* End PBXGroup section */

/* Begin PBXNativeTarget section */
		E57909BC1DBA02AC00911C06 /* WYNews */ = {
			isa = PBXNativeTarget;
			buildConfigurationList = E57909D41DBA02AC00911C06 /* Build configuration list for PBXNativeTarget "WYNews" */;
			buildPhases = (
				94ED5AF30AD557159480135E /* [CP] Check Pods Manifest.lock */,
				E57909B91DBA02AC00911C06 /* Sources */,
				E57909BA1DBA02AC00911C06 /* Frameworks */,
				E57909BB1DBA02AC00911C06 /* Resources */,
				7C58575FAC09FC2ECE03D606 /* [CP] Embed Pods Frameworks */,
				9642AC02D75BE7BD4D0CF8A3 /* [CP] Copy Pods Resources */,
			);
			buildRules = (
			);
			dependencies = (
			);
			name = WYNews;
			productName = WYNews;
			productReference = E57909BD1DBA02AC00911C06 /* WYNews.app */;
			productType = "com.apple.product-type.application";
		};
/* End PBXNativeTarget section */

/* Begin PBXProject section */
		E57909B51DBA02AC00911C06 /* Project object */ = {
			isa = PBXProject;
			attributes = {
				LastUpgradeCheck = 0730;
				ORGANIZATIONNAME = yaole;
				TargetAttributes = {
					E57909BC1DBA02AC00911C06 = {
						CreatedOnToolsVersion = 7.3.1;
						DevelopmentTeam = 9R76EJLT3P;
					};
				};
			};
			buildConfigurationList = E57909B81DBA02AC00911C06 /* Build configuration list for PBXProject "WYNews" */;
			compatibilityVersion = "Xcode 3.2";
			developmentRegion = English;
			hasScannedForEncodings = 0;
			knownRegions = (
				en,
				Base,
			);
			mainGroup = E57909B41DBA02AC00911C06;
			productRefGroup = E57909BE1DBA02AC00911C06 /* Products */;
			projectDirPath = "";
			projectRoot = "";
			targets = (
				E57909BC1DBA02AC00911C06 /* WYNews */,
			);
		};
/* End PBXProject section */

/* Begin PBXResourcesBuildPhase section */
		E57909BB1DBA02AC00911C06 /* Resources */ = {
			isa = PBXResourcesBuildPhase;
			buildActionMask = 2147483647;
			files = (
				E57909D01DBA02AC00911C06 /* LaunchScreen.storyboard in Resources */,
				E57909CD1DBA02AC00911C06 /* Assets.xcassets in Resources */,
				E57909CB1DBA02AC00911C06 /* Main.storyboard in Resources */,
				E570F7741DBA1D6800A4A9F6 /* NewsURLs.plist in Resources */,
				E54F301C1DBD009500E4888E /* SXDetails.css in Resources */,
				E570F7881DBA546D00A4A9F6 /* HYQiHei-50J.ttf in Resources */,
				E570F77B1DBA22F200A4A9F6 /* NewsTableview.storyboard in Resources */,
			);
			runOnlyForDeploymentPostprocessing = 0;
		};
/* End PBXResourcesBuildPhase section */

/* Begin PBXShellScriptBuildPhase section */
		7C58575FAC09FC2ECE03D606 /* [CP] Embed Pods Frameworks */ = {
			isa = PBXShellScriptBuildPhase;
			buildActionMask = 2147483647;
			files = (
			);
			inputPaths = (
			);
			name = "[CP] Embed Pods Frameworks";
			outputPaths = (
			);
			runOnlyForDeploymentPostprocessing = 0;
			shellPath = /bin/sh;
			shellScript = "\"${SRCROOT}/Pods/Target Support Files/Pods-WYNews/Pods-WYNews-frameworks.sh\"\n";
			showEnvVarsInLog = 0;
		};
		94ED5AF30AD557159480135E /* [CP] Check Pods Manifest.lock */ = {
			isa = PBXShellScriptBuildPhase;
			buildActionMask = 2147483647;
			files = (
			);
			inputPaths = (
			);
			name = "[CP] Check Pods Manifest.lock";
			outputPaths = (
			);
			runOnlyForDeploymentPostprocessing = 0;
			shellPath = /bin/sh;
			shellScript = "diff \"${PODS_ROOT}/../Podfile.lock\" \"${PODS_ROOT}/Manifest.lock\" > /dev/null\nif [[ $? != 0 ]] ; then\n    cat << EOM\nerror: The sandbox is not in sync with the Podfile.lock. Run 'pod install' or update your CocoaPods installation.\nEOM\n    exit 1\nfi\n";
			showEnvVarsInLog = 0;
		};
		9642AC02D75BE7BD4D0CF8A3 /* [CP] Copy Pods Resources */ = {
			isa = PBXShellScriptBuildPhase;
			buildActionMask = 2147483647;
			files = (
			);
			inputPaths = (
			);
			name = "[CP] Copy Pods Resources";
			outputPaths = (
			);
			runOnlyForDeploymentPostprocessing = 0;
			shellPath = /bin/sh;
			shellScript = "\"${SRCROOT}/Pods/Target Support Files/Pods-WYNews/Pods-WYNews-resources.sh\"\n";
			showEnvVarsInLog = 0;
		};
/* End PBXShellScriptBuildPhase section */

/* Begin PBXSourcesBuildPhase section */
		E57909B91DBA02AC00911C06 /* Sources */ = {
			isa = PBXSourcesBuildPhase;
			buildActionMask = 2147483647;
			files = (
				E570F77E1DBA363300A4A9F6 /* TitleLabel.m in Sources */,
				E54F301A1DBCFE5200E4888E /* NewsDetailImgModel.m in Sources */,
				E54F300A1DBC8FC600E4888E /* NewsDetailViewController.m in Sources */,
				E570F7791DBA22DC00A4A9F6 /* NewsTableViewController.m in Sources */,
				E54F30221DBE1F4200E4888E /* PhotoSetModel.m in Sources */,
				E57909C81DBA02AC00911C06 /* ViewController.m in Sources */,
				E54F30251DBE1F5000E4888E /* PhotoModel.m in Sources */,
				E570F7B71DBAF13400A4A9F6 /* CellFrameModel.m in Sources */,
				E57909C51DBA02AC00911C06 /* AppDelegate.m in Sources */,
				E570F7B41DBAA81500A4A9F6 /* NetworkTool.m in Sources */,
				E570F7B01DBA75C600A4A9F6 /* NewsModel.m in Sources */,
				E570F76F1DBA0E5800A4A9F6 /* TabBarBtn.m in Sources */,
				E54F301F1DBE121600E4888E /* ShowPicViewController.m in Sources */,
				E570F7861DBA4B2300A4A9F6 /* NewsCell.m in Sources */,
				E570F7671DBA048900A4A9F6 /* MainTabBarController.m in Sources */,
				E570F7721DBA1BB000A4A9F6 /* MainViewController.m in Sources */,
				E570F76A1DBA04C900A4A9F6 /* YAOTabBar.m in Sources */,
				E54F30171DBCF74F00E4888E /* NewsDetailModel.m in Sources */,
				E570F7821DBA3D6E00A4A9F6 /* UIView+frame.m in Sources */,
				E57909C21DBA02AC00911C06 /* main.m in Sources */,
			);
			runOnlyForDeploymentPostprocessing = 0;
		};
/* End PBXSourcesBuildPhase section */

/* Begin PBXVariantGroup section */
		E57909C91DBA02AC00911C06 /* Main.storyboard */ = {
			isa = PBXVariantGroup;
			children = (
				E57909CA1DBA02AC00911C06 /* Base */,
			);
			name = Main.storyboard;
			path = ..;
			sourceTree = "<group>";
		};
		E57909CE1DBA02AC00911C06 /* LaunchScreen.storyboard */ = {
			isa = PBXVariantGroup;
			children = (
				E57909CF1DBA02AC00911C06 /* Base */,
			);
			name = LaunchScreen.storyboard;
			sourceTree = "<group>";
		};
/* End PBXVariantGroup section */

/* Begin XCBuildConfiguration section */
		E57909D21DBA02AC00911C06 /* Debug */ = {
			isa = XCBuildConfiguration;
			buildSettings = {
				ALWAYS_SEARCH_USER_PATHS = NO;
				CLANG_ANALYZER_NONNULL = YES;
				CLANG_CXX_LANGUAGE_STANDARD = "gnu++0x";
				CLANG_CXX_LIBRARY = "libc++";
				CLANG_ENABLE_MODULES = YES;
				CLANG_ENABLE_OBJC_ARC = YES;
				CLANG_WARN_BOOL_CONVERSION = YES;
				CLANG_WARN_CONSTANT_CONVERSION = YES;
				CLANG_WARN_DIRECT_OBJC_ISA_USAGE = YES_ERROR;
				CLANG_WARN_EMPTY_BODY = YES;
				CLANG_WARN_ENUM_CONVERSION = YES;
				CLANG_WARN_INT_CONVERSION = YES;
				CLANG_WARN_OBJC_ROOT_CLASS = YES_ERROR;
				CLANG_WARN_UNREACHABLE_CODE = YES;
				CLANG_WARN__DUPLICATE_METHOD_MATCH = YES;
				"CODE_SIGN_IDENTITY[sdk=iphoneos*]" = "iPhone Developer";
				COPY_PHASE_STRIP = NO;
				DEBUG_INFORMATION_FORMAT = dwarf;
				ENABLE_STRICT_OBJC_MSGSEND = YES;
				ENABLE_TESTABILITY = YES;
				GCC_C_LANGUAGE_STANDARD = gnu99;
				GCC_DYNAMIC_NO_PIC = NO;
				GCC_INCREASE_PRECOMPILED_HEADER_SHARING = YES;
				GCC_NO_COMMON_BLOCKS = YES;
				GCC_OPTIMIZATION_LEVEL = 0;
				GCC_PRECOMPILE_PREFIX_HEADER = YES;
				GCC_PREFIX_HEADER = "$(SRCROOT)/PrefixHeader.pch";
				GCC_PREPROCESSOR_DEFINITIONS = (
					"DEBUG=1",
					"$(inherited)",
				);
				GCC_WARN_64_TO_32_BIT_CONVERSION = YES;
				GCC_WARN_ABOUT_RETURN_TYPE = YES_ERROR;
				GCC_WARN_UNDECLARED_SELECTOR = YES;
				GCC_WARN_UNINITIALIZED_AUTOS = YES_AGGRESSIVE;
				GCC_WARN_UNUSED_FUNCTION = YES;
				GCC_WARN_UNUSED_VARIABLE = YES;
				IPHONEOS_DEPLOYMENT_TARGET = 9.3;
				MTL_ENABLE_DEBUG_INFO = YES;
				ONLY_ACTIVE_ARCH = YES;
				SDKROOT = iphoneos;
			};
			name = Debug;
		};
		E57909D31DBA02AC00911C06 /* Release */ = {
			isa = XCBuildConfiguration;
			buildSettings = {
				ALWAYS_SEARCH_USER_PATHS = NO;
				CLANG_ANALYZER_NONNULL = YES;
				CLANG_CXX_LANGUAGE_STANDARD = "gnu++0x";
				CLANG_CXX_LIBRARY = "libc++";
				CLANG_ENABLE_MODULES = YES;
				CLANG_ENABLE_OBJC_ARC = YES;
				CLANG_WARN_BOOL_CONVERSION = YES;
				CLANG_WARN_CONSTANT_CONVERSION = YES;
				CLANG_WARN_DIRECT_OBJC_ISA_USAGE = YES_ERROR;
				CLANG_WARN_EMPTY_BODY = YES;
				CLANG_WARN_ENUM_CONVERSION = YES;
				CLANG_WARN_INT_CONVERSION = YES;
				CLANG_WARN_OBJC_ROOT_CLASS = YES_ERROR;
				CLANG_WARN_UNREACHABLE_CODE = YES;
				CLANG_WARN__DUPLICATE_METHOD_MATCH = YES;
				"CODE_SIGN_IDENTITY[sdk=iphoneos*]" = "iPhone Developer";
				COPY_PHASE_STRIP = NO;
				DEBUG_INFORMATION_FORMAT = "dwarf-with-dsym";
				ENABLE_NS_ASSERTIONS = NO;
				ENABLE_STRICT_OBJC_MSGSEND = YES;
				GCC_C_LANGUAGE_STANDARD = gnu99;
				GCC_INCREASE_PRECOMPILED_HEADER_SHARING = YES;
				GCC_NO_COMMON_BLOCKS = YES;
				GCC_PRECOMPILE_PREFIX_HEADER = YES;
				GCC_PREFIX_HEADER = "$(SRCROOT)/PrefixHeader.pch";
				GCC_WARN_64_TO_32_BIT_CONVERSION = YES;
				GCC_WARN_ABOUT_RETURN_TYPE = YES_ERROR;
				GCC_WARN_UNDECLARED_SELECTOR = YES;
				GCC_WARN_UNINITIALIZED_AUTOS = YES_AGGRESSIVE;
				GCC_WARN_UNUSED_FUNCTION = YES;
				GCC_WARN_UNUSED_VARIABLE = YES;
				IPHONEOS_DEPLOYMENT_TARGET = 9.3;
				MTL_ENABLE_DEBUG_INFO = NO;
				SDKROOT = iphoneos;
				VALIDATE_PRODUCT = YES;
			};
			name = Release;
		};
		E57909D51DBA02AC00911C06 /* Debug */ = {
			isa = XCBuildConfiguration;
			baseConfigurationReference = 7A2C58106D53866C5AE29F6D /* Pods-WYNews.debug.xcconfig */;
			buildSettings = {
				ASSETCATALOG_COMPILER_APPICON_NAME = AppIcon;
				INFOPLIST_FILE = WYNews/Info.plist;
				IPHONEOS_DEPLOYMENT_TARGET = 9.3;
				LD_RUNPATH_SEARCH_PATHS = "$(inherited) @executable_path/Frameworks";
				PRODUCT_BUNDLE_IDENTIFIER = com.pscy.WYNews;
				PRODUCT_NAME = "$(TARGET_NAME)";
			};
			name = Debug;
		};
		E57909D61DBA02AC00911C06 /* Release */ = {
			isa = XCBuildConfiguration;
			baseConfigurationReference = 5BA518F1088936B09848E6FE /* Pods-WYNews.release.xcconfig */;
			buildSettings = {
				ASSETCATALOG_COMPILER_APPICON_NAME = AppIcon;
				INFOPLIST_FILE = WYNews/Info.plist;
				IPHONEOS_DEPLOYMENT_TARGET = 9.3;
				LD_RUNPATH_SEARCH_PATHS = "$(inherited) @executable_path/Frameworks";
				PRODUCT_BUNDLE_IDENTIFIER = com.pscy.WYNews;
				PRODUCT_NAME = "$(TARGET_NAME)";
			};
			name = Release;
		};
/* End XCBuildConfiguration section */

/* Begin XCConfigurationList section */
		E57909B81DBA02AC00911C06 /* Build configuration list for PBXProject "WYNews" */ = {
			isa = XCConfigurationList;
			buildConfigurations = (
				E57909D21DBA02AC00911C06 /* Debug */,
				E57909D31DBA02AC00911C06 /* Release */,
			);
			defaultConfigurationIsVisible = 0;
			defaultConfigurationName = Release;
		};
		E57909D41DBA02AC00911C06 /* Build configuration list for PBXNativeTarget "WYNews" */ = {
			isa = XCConfigurationList;
			buildConfigurations = (
				E57909D51DBA02AC00911C06 /* Debug */,
				E57909D61DBA02AC00911C06 /* Release */,
			);
			defaultConfigurationIsVisible = 0;
			defaultConfigurationName = Release;
		};
/* End XCConfigurationList section */
	};
	rootObject = E57909B51DBA02AC00911C06 /* Project object */;
}
